schema: '2.0'
stages:
  data_visualization:
    cmd: python src/data_visualization.py
    deps:
    - path: data/raw/datos_creditos.csv
      hash: md5
      md5: 3b26edd22e8827f890d7cd32efe475b7
      size: 663047
    - path: data/raw/datos_tarjetas.csv
      hash: md5
      md5: 9e197c893925601cd447c81256e8cf07
      size: 845190
    - path: src/data_visualization.py
      hash: md5
      md5: deffbf70f764dc9db39567ce6110c21e
      size: 3469
    outs:
    - path: docs/figures/correlation_heatmap_creditos.png
      hash: md5
      md5: c261236f9486b6c3017ade2cf97cd0e3
      size: 77088
    - path: docs/figures/correlation_heatmap_tarjetas.png
      hash: md5
      md5: a58da1be7b3a1ed4b2d928ca90923e65
      size: 52584
    - path: docs/figures/ingresos_por_mora.png
      hash: md5
      md5: a7dbf7efc0a8ba6c561d92db8e21da1d
      size: 26006
    - path: docs/figures/ingresos_tasa_mora.png
      hash: md5
      md5: ba86a7338e06ec9b52fe2c9912ac4fbb
      size: 165385
    - path: docs/figures/target_distribution.png
      hash: md5
      md5: 4fdb2a837bf1f2e1f6fa5ca95ac99834
      size: 21581
